Microsoft Visual Studio Solution File, Format Version 12.00
# Visual Studio Version 17
VisualStudioVersion = 17.5.2.0
MinimumVisualStudioVersion = 10.0.40219.1
Project("{FAE04EC0-301F-11D3-BF4B-00C04F79EFBC}") = "TestStress", "TestStress.csproj", "{60DAD5EF-0BEE-A364-D946-4A3060DEFB06}"
EndProject
Global
	GlobalSection(SolutionConfigurationPlatforms) = preSolution
		Debug|Any CPU = Debug|Any CPU
		Release|Any CPU = Release|Any CPU
	EndGlobalSection
	GlobalSection(ProjectConfigurationPlatforms) = postSolution
		{60DAD5EF-0BEE-A364-D946-4A3060DEFB06}.Debug|Any CPU.ActiveCfg = Debug|Any CPU
		{60DAD5EF-0BEE-A364-D946-4A3060DEFB06}.Debug|Any CPU.Build.0 = Debug|Any CPU
		{60DAD5EF-0BEE-A364-D946-4A3060DEFB06}.Release|Any CPU.ActiveCfg = Release|Any CPU
		{60DAD5EF-0BEE-A364-D946-4A3060DEFB06}.Release|Any CPU.Build.0 = Release|Any CPU
	EndGlobalSection
	GlobalSection(SolutionProperties) = preSolution
		HideSolutionNode = FALSE
	EndGlobalSection
	GlobalSection(ExtensibilityGlobals) = postSolution
		SolutionGuid = {45A39CEC-9475-4EAC-8973-9DD39E4F1D57}
	EndGlobalSection
EndGlobal
